
Microsoft Visual Studio Solution File, Format Version 12.00
# Visual Studio Version 17
VisualStudioVersion = 17.2.32526.322
MinimumVisualStudioVersion = 10.0.40219.1
Project("{FAE04EC0-301F-11D3-BF4B-00C04F79EFBC}") = "DatingProfile", "DatingProfile.csproj", "{796A9BB5-FE1C-40FE-9128-22A043905593}"
EndProject
Global
	GlobalSection(SolutionConfigurationPlatforms) = preSolution
		Debug|Any CPU = Debug|Any CPU
		Release|Any CPU = Release|Any CPU
	EndGlobalSection
	GlobalSection(ProjectConfigurationPlatforms) = postSolution
		{796A9BB5-FE1C-40FE-9128-22A043905593}.Debug|Any CPU.ActiveCfg = Debug|Any CPU
		{796A9BB5-FE1C-40FE-9128-22A043905593}.Debug|Any CPU.Build.0 = Debug|Any CPU
		{796A9BB5-FE1C-40FE-9128-22A043905593}.Release|Any CPU.ActiveCfg = Release|Any CPU
		{796A9BB5-FE1C-40FE-9128-22A043905593}.Release|Any CPU.Build.0 = Release|Any CPU
	EndGlobalSection
	GlobalSection(SolutionProperties) = preSolution
		HideSolutionNode = FALSE
	EndGlobalSection
	GlobalSection(ExtensibilityGlobals) = postSolution
		SolutionGuid = {BBD1153F-62E7-4027-9B4B-082E74BEBB63}
	EndGlobalSection
EndGlobal
